schema: '2.0'
stages:
  prepare:
    cmd: python -m src.prepare
    deps:
    - path: data/raw/WineQT.csv
      hash: md5
      md5: e2e57e4c41e6ee0213fb12e5a70f4bfb
      size: 78057
    - path: src/common.py
      hash: md5
      md5: e44e1a9bb50acadedaf2faace3cb7a3b
      size: 1033
    - path: src/prepare.py
      hash: md5
      md5: 0384cf8352d86a7ccefba955c467a11b
      size: 671
    params:
      params.yaml:
        seed: 42
        split:
          test_size: 0.2
    outs:
    - path: data/processed/test.csv
      hash: md5
      md5: 3ef741af927b5eedc867fcbf147e6895
      size: 13693
    - path: data/processed/train.csv
      hash: md5
      md5: 27b2f5a843930c0f5e14250b6cbeaec7
      size: 54487
  train:
    cmd: python -m src.train
    deps:
    - path: data/processed/train.csv
      hash: md5
      md5: 27b2f5a843930c0f5e14250b6cbeaec7
      size: 54487
    - path: src/common.py
      hash: md5
      md5: e44e1a9bb50acadedaf2faace3cb7a3b
      size: 1033
    - path: src/train.py
      hash: md5
      md5: f6e815fefe4c1daf92fc81532122bae6
      size: 1441
    params:
      params.yaml:
        seed: 42
        train:
          model: random_forest
          n_estimators: 100
          max_depth: 12
          min_samples_leaf: 1
          criterion: entropy
    outs:
    - path: models/model.joblib
      hash: md5
      md5: 7d29f32e16d8436dd4c9509a4ceba264
      size: 4100386
  evaluate:
    cmd: python -m src.evaluate
    deps:
    - path: data/processed/test.csv
      hash: md5
      md5: 3ef741af927b5eedc867fcbf147e6895
      size: 13693
    - path: models/model.joblib
      hash: md5
      md5: 7d29f32e16d8436dd4c9509a4ceba264
      size: 4100386
    - path: src/common.py
      hash: md5
      md5: e44e1a9bb50acadedaf2faace3cb7a3b
      size: 1033
    - path: src/evaluate.py
      hash: md5
      md5: e7cc1ba6263857307337c595d60587b5
      size: 956
    outs:
    - path: metrics.json
      hash: md5
      md5: 0d4d48db4ffca604a8ce4f7ecd44ae8e
      size: 109
